{
  "name": "mmcli",
  "version": "1.0.0",
  "lockfileVersion": 2,
  "requires": true,
  "packages": {
    "": {
      "version": "1.0.0",
      "license": "ISC",
      "dependencies": {
        "cac": "^6.7.3"
      },
      "bin": {
        "mmcli": "bin/index.js"
      }
    },
    "node_modules/cac": {
      "version": "6.7.3",
      "resolved": "https://registry.nlark.com/cac/download/cac-6.7.3.tgz?cache=0&sync_timestamp=1619095242741&other_urls=https%3A%2F%2Fregistry.nlark.com%2Fcac%2Fdownload%2Fcac-6.7.3.tgz",
      "integrity": "sha1-EEELhhFneZDMLjyLV21HHB1xt2g=",
      "engines": {
        "node": ">=8"
      }
    }
  },
  "dependencies": {
    "cac": {
      "version": "6.7.3",
      "resolved": "https://registry.nlark.com/cac/download/cac-6.7.3.tgz?cache=0&sync_timestamp=1619095242741&other_urls=https%3A%2F%2Fregistry.nlark.com%2Fcac%2Fdownload%2Fcac-6.7.3.tgz",
      "integrity": "sha1-EEELhhFneZDMLjyLV21HHB1xt2g="
    }
  }
}
